
Microsoft Visual Studio Solution File, Format Version 12.00
# Visual Studio 14
VisualStudioVersion = 14.0.25420.1
MinimumVisualStudioVersion = 10.0.40219.1
Project("{FAE04EC0-301F-11D3-BF4B-00C04F79EFBC}") = "WebFormsApp1", "WebFormsApp1\WebFormsApp1.csproj", "{AAD60DB1-810D-47C0-BCA8-810BD547A4D2}"
EndProject
Global
	GlobalSection(SolutionConfigurationPlatforms) = preSolution
		Debug|Any CPU = Debug|Any CPU
		Release|Any CPU = Release|Any CPU
	EndGlobalSection
	GlobalSection(ProjectConfigurationPlatforms) = postSolution
		{AAD60DB1-810D-47C0-BCA8-810BD547A4D2}.Debug|Any CPU.ActiveCfg = Debug|Any CPU
		{AAD60DB1-810D-47C0-BCA8-810BD547A4D2}.Debug|Any CPU.Build.0 = Debug|Any CPU
		{AAD60DB1-810D-47C0-BCA8-810BD547A4D2}.Release|Any CPU.ActiveCfg = Release|Any CPU
		{AAD60DB1-810D-47C0-BCA8-810BD547A4D2}.Release|Any CPU.Build.0 = Release|Any CPU
	EndGlobalSection
	GlobalSection(SolutionProperties) = preSolution
		HideSolutionNode = FALSE
	EndGlobalSection
EndGlobal
